
Microsoft Visual Studio Solution File, Format Version 12.00
# Visual Studio Version 17
VisualStudioVersion = 17.3.32825.248
MinimumVisualStudioVersion = 10.0.40219.1
Project("{FAE04EC0-301F-11D3-BF4B-00C04F79EFBC}") = "ManagingFamilyTypes", "ManagingFamilyTypes\ManagingFamilyTypes.csproj", "{212ED6B7-A769-4D78-9EFD-78E65579D8D7}"
EndProject
Global
	GlobalSection(SolutionConfigurationPlatforms) = preSolution
		Debug|Any CPU = Debug|Any CPU
		Release|Any CPU = Release|Any CPU
	EndGlobalSection
	GlobalSection(ProjectConfigurationPlatforms) = postSolution
		{212ED6B7-A769-4D78-9EFD-78E65579D8D7}.Debug|Any CPU.ActiveCfg = Debug|Any CPU
		{212ED6B7-A769-4D78-9EFD-78E65579D8D7}.Debug|Any CPU.Build.0 = Debug|Any CPU
		{212ED6B7-A769-4D78-9EFD-78E65579D8D7}.Release|Any CPU.ActiveCfg = Release|Any CPU
		{212ED6B7-A769-4D78-9EFD-78E65579D8D7}.Release|Any CPU.Build.0 = Release|Any CPU
	EndGlobalSection
	GlobalSection(SolutionProperties) = preSolution
		HideSolutionNode = FALSE
	EndGlobalSection
	GlobalSection(ExtensibilityGlobals) = postSolution
		SolutionGuid = {5C86CF2A-9894-4BBA-8A0E-A532EA88684B}
	EndGlobalSection
EndGlobal
